Microsoft Visual Studio Solution File, Format Version 12.00
# Visual Studio Version 17
VisualStudioVersion = 17.5.2.0
MinimumVisualStudioVersion = 10.0.40219.1
Project("{FAE04EC0-301F-11D3-BF4B-00C04F79EFBC}") = "PimEstoque", "PimEstoque.csproj", "{B2302260-93F4-9B1C-FDFB-4A9429BDDE1E}"
EndProject
Global
	GlobalSection(SolutionConfigurationPlatforms) = preSolution
		Debug|Any CPU = Debug|Any CPU
		Release|Any CPU = Release|Any CPU
	EndGlobalSection
	GlobalSection(ProjectConfigurationPlatforms) = postSolution
		{B2302260-93F4-9B1C-FDFB-4A9429BDDE1E}.Debug|Any CPU.ActiveCfg = Debug|Any CPU
		{B2302260-93F4-9B1C-FDFB-4A9429BDDE1E}.Debug|Any CPU.Build.0 = Debug|Any CPU
		{B2302260-93F4-9B1C-FDFB-4A9429BDDE1E}.Release|Any CPU.ActiveCfg = Release|Any CPU
		{B2302260-93F4-9B1C-FDFB-4A9429BDDE1E}.Release|Any CPU.Build.0 = Release|Any CPU
	EndGlobalSection
	GlobalSection(SolutionProperties) = preSolution
		HideSolutionNode = FALSE
	EndGlobalSection
	GlobalSection(ExtensibilityGlobals) = postSolution
		SolutionGuid = {AA18A06B-0467-4F52-AA2F-B816DE46BAB6}
	EndGlobalSection
EndGlobal
